// !$*UTF8*$!
{
	archiveVersion = 1;
	classes = {
	};
	objectVersion = 77;
	objects = {

/* Begin PBXBuildFile section */
		AE8804972DE0AC8B00C132D2 /* FavouriteView.swift in Sources */ = {isa = PBXBuildFile; fileRef = AE8804852DE0AC8B00C132D2 /* FavouriteView.swift */; };
		AE8804982DE0AC8B00C132D2 /* FolderView.swift in Sources */ = {isa = PBXBuildFile; fileRef = AE8804862DE0AC8B00C132D2 /* FolderView.swift */; };
		AE8804992DE0AC8B00C132D2 /* GuideDetailView.swift in Sources */ = {isa = PBXBuildFile; fileRef = AE8804872DE0AC8B00C132D2 /* GuideDetailView.swift */; };
		AE88049A2DE0AC8B00C132D2 /* GuideListView.swift in Sources */ = {isa = PBXBuildFile; fileRef = AE8804882DE0AC8B00C132D2 /* GuideListView.swift */; };
		AE88049B2DE0AC8B00C132D2 /* GuideView.swift in Sources */ = {isa = PBXBuildFile; fileRef = AE8804892DE0AC8B00C132D2 /* GuideView.swift */; };
		AE88049C2DE0AC8B00C132D2 /* HistoryView.swift in Sources */ = {isa = PBXBuildFile; fileRef = AE88048A2DE0AC8B00C132D2 /* HistoryView.swift */; };
		AE88049D2DE0AC8B00C132D2 /* HomeView.swift in Sources */ = {isa = PBXBuildFile; fileRef = AE88048B2DE0AC8B00C132D2 /* HomeView.swift */; };
		AE88049E2DE0AC8B00C132D2 /* LandingView.swift in Sources */ = {isa = PBXBuildFile; fileRef = AE88048C2DE0AC8B00C132D2 /* LandingView.swift */; };
		AE88049F2DE0AC8B00C132D2 /* NewFolderView.swift in Sources */ = {isa = PBXBuildFile; fileRef = AE88048D2DE0AC8B00C132D2 /* NewFolderView.swift */; };
		AE8804A02DE0AC8B00C132D2 /* NewGuideView.swift in Sources */ = {isa = PBXBuildFile; fileRef = AE88048E2DE0AC8B00C132D2 /* NewGuideView.swift */; };
		AE8804A22DE0AC8B00C132D2 /* PlusButtonView.swift in Sources */ = {isa = PBXBuildFile; fileRef = AE8804902DE0AC8B00C132D2 /* PlusButtonView.swift */; };
		AE8804A32DE0AC8B00C132D2 /* GuideViewModel.swift in Sources */ = {isa = PBXBuildFile; fileRef = AE8804922DE0AC8B00C132D2 /* GuideViewModel.swift */; };
		AE8804A42DE0AC8B00C132D2 /* CulminatingApp.swift in Sources */ = {isa = PBXBuildFile; fileRef = AE8804952DE0AC8B00C132D2 /* CulminatingApp.swift */; };
		AE8804A52DE0AC8B00C132D2 /* Preview Assets.xcassets in Resources */ = {isa = PBXBuildFile; fileRef = AE8804832DE0AC8B00C132D2 /* Preview Assets.xcassets */; };
		AE8804A62DE0AC8B00C132D2 /* Assets.xcassets in Resources */ = {isa = PBXBuildFile; fileRef = AE8804942DE0AC8B00C132D2 /* Assets.xcassets */; };
		AE8804A82DE0ACB200C132D2 /* City.swift in Sources */ = {isa = PBXBuildFile; fileRef = AE8804A72DE0ACB200C132D2 /* City.swift */; };
		AE8804AA2DE0ACBD00C132D2 /* Attraction.swift in Sources */ = {isa = PBXBuildFile; fileRef = AE8804A92DE0ACBA00C132D2 /* Attraction.swift */; };
/* End PBXBuildFile section */

/* Begin PBXFileReference section */
		AE3C74AC2DB5932300412F0B /* Culminating.app */ = {isa = PBXFileReference; explicitFileType = wrapper.application; includeInIndex = 0; path = Culminating.app; sourceTree = BUILT_PRODUCTS_DIR; };
		AE8804832DE0AC8B00C132D2 /* Preview Assets.xcassets */ = {isa = PBXFileReference; lastKnownFileType = folder.assetcatalog; path = "Preview Assets.xcassets"; sourceTree = "<group>"; };
		AE8804852DE0AC8B00C132D2 /* FavouriteView.swift */ = {isa = PBXFileReference; lastKnownFileType = sourcecode.swift; path = FavouriteView.swift; sourceTree = "<group>"; };
		AE8804862DE0AC8B00C132D2 /* FolderView.swift */ = {isa = PBXFileReference; lastKnownFileType = sourcecode.swift; path = FolderView.swift; sourceTree = "<group>"; };
		AE8804872DE0AC8B00C132D2 /* GuideDetailView.swift */ = {isa = PBXFileReference; lastKnownFileType = sourcecode.swift; path = GuideDetailView.swift; sourceTree = "<group>"; };
		AE8804882DE0AC8B00C132D2 /* GuideListView.swift */ = {isa = PBXFileReference; lastKnownFileType = sourcecode.swift; path = GuideListView.swift; sourceTree = "<group>"; };
		AE8804892DE0AC8B00C132D2 /* GuideView.swift */ = {isa = PBXFileReference; lastKnownFileType = sourcecode.swift; path = GuideView.swift; sourceTree = "<group>"; };
		AE88048A2DE0AC8B00C132D2 /* HistoryView.swift */ = {isa = PBXFileReference; lastKnownFileType = sourcecode.swift; path = HistoryView.swift; sourceTree = "<group>"; };
		AE88048B2DE0AC8B00C132D2 /* HomeView.swift */ = {isa = PBXFileReference; lastKnownFileType = sourcecode.swift; path = HomeView.swift; sourceTree = "<group>"; };
		AE88048C2DE0AC8B00C132D2 /* LandingView.swift */ = {isa = PBXFileReference; lastKnownFileType = sourcecode.swift; path = LandingView.swift; sourceTree = "<group>"; };
		AE88048D2DE0AC8B00C132D2 /* NewFolderView.swift */ = {isa = PBXFileReference; lastKnownFileType = sourcecode.swift; path = NewFolderView.swift; sourceTree = "<group>"; };
		AE88048E2DE0AC8B00C132D2 /* NewGuideView.swift */ = {isa = PBXFileReference; lastKnownFileType = sourcecode.swift; path = NewGuideView.swift; sourceTree = "<group>"; };
		AE8804902DE0AC8B00C132D2 /* PlusButtonView.swift */ = {isa = PBXFileReference; lastKnownFileType = sourcecode.swift; path = PlusButtonView.swift; sourceTree = "<group>"; };
		AE8804922DE0AC8B00C132D2 /* GuideViewModel.swift */ = {isa = PBXFileReference; lastKnownFileType = sourcecode.swift; path = GuideViewModel.swift; sourceTree = "<group>"; };
		AE8804942DE0AC8B00C132D2 /* Assets.xcassets */ = {isa = PBXFileReference; lastKnownFileType = folder.assetcatalog; path = Assets.xcassets; sourceTree = "<group>"; };
		AE8804952DE0AC8B00C132D2 /* CulminatingApp.swift */ = {isa = PBXFileReference; lastKnownFileType = sourcecode.swift; path = CulminatingApp.swift; sourceTree = "<group>"; };
		AE8804A72DE0ACB200C132D2 /* City.swift */ = {isa = PBXFileReference; lastKnownFileType = sourcecode.swift; path = City.swift; sourceTree = "<group>"; };
		AE8804A92DE0ACBA00C132D2 /* Attraction.swift */ = {isa = PBXFileReference; lastKnownFileType = sourcecode.swift; path = Attraction.swift; sourceTree = "<group>"; };
/* End PBXFileReference section */

/* Begin PBXFrameworksBuildPhase section */
		AE3C74A92DB5932300412F0B /* Frameworks */ = {
			isa = PBXFrameworksBuildPhase;
			buildActionMask = 2147483647;
			files = (
			);
			runOnlyForDeploymentPostprocessing = 0;
		};
/* End PBXFrameworksBuildPhase section */

/* Begin PBXGroup section */
		AE3C74A32DB5932300412F0B = {
			isa = PBXGroup;
			children = (
				AE8804962DE0AC8B00C132D2 /* Culminating */,
				AE3C74AD2DB5932300412F0B /* Products */,
			);
			sourceTree = "<group>";
		};
		AE3C74AD2DB5932300412F0B /* Products */ = {
			isa = PBXGroup;
			children = (
				AE3C74AC2DB5932300412F0B /* Culminating.app */,
			);
			name = Products;
			sourceTree = "<group>";
		};
		AE8804822DE0AC8B00C132D2 /* Model */ = {
			isa = PBXGroup;
			children = (
				AE8804A72DE0ACB200C132D2 /* City.swift */,
				AE8804A92DE0ACBA00C132D2 /* Attraction.swift */,
			);
			path = Model;
			sourceTree = "<group>";
		};
		AE8804842DE0AC8B00C132D2 /* Preview Content */ = {
			isa = PBXGroup;
			children = (
				AE8804832DE0AC8B00C132D2 /* Preview Assets.xcassets */,
			);
			path = "Preview Content";
			sourceTree = "<group>";
		};
		AE8804912DE0AC8B00C132D2 /* Views */ = {
			isa = PBXGroup;
			children = (
				AE8804852DE0AC8B00C132D2 /* FavouriteView.swift */,
				AE8804862DE0AC8B00C132D2 /* FolderView.swift */,
				AE8804872DE0AC8B00C132D2 /* GuideDetailView.swift */,
				AE8804882DE0AC8B00C132D2 /* GuideListView.swift */,
				AE8804892DE0AC8B00C132D2 /* GuideView.swift */,
				AE88048A2DE0AC8B00C132D2 /* HistoryView.swift */,
				AE88048B2DE0AC8B00C132D2 /* HomeView.swift */,
				AE88048C2DE0AC8B00C132D2 /* LandingView.swift */,
				AE88048D2DE0AC8B00C132D2 /* NewFolderView.swift */,
				AE88048E2DE0AC8B00C132D2 /* NewGuideView.swift */,
				AE8804902DE0AC8B00C132D2 /* PlusButtonView.swift */,
			);
			path = Views;
			sourceTree = "<group>";
		};
		AE8804932DE0AC8B00C132D2 /* ViewModels */ = {
			isa = PBXGroup;
			children = (
				AE8804922DE0AC8B00C132D2 /* GuideViewModel.swift */,
			);
			path = ViewModels;
			sourceTree = "<group>";
		};
		AE8804962DE0AC8B00C132D2 /* Culminating */ = {
			isa = PBXGroup;
			children = (
				AE8804822DE0AC8B00C132D2 /* Model */,
				AE8804932DE0AC8B00C132D2 /* ViewModels */,
				AE8804912DE0AC8B00C132D2 /* Views */,
				AE8804842DE0AC8B00C132D2 /* Preview Content */,
				AE8804942DE0AC8B00C132D2 /* Assets.xcassets */,
				AE8804952DE0AC8B00C132D2 /* CulminatingApp.swift */,
			);
			path = Culminating;
			sourceTree = "<group>";
		};
/* End PBXGroup section */

/* Begin PBXNativeTarget section */
		AE3C74AB2DB5932300412F0B /* Culminating */ = {
			isa = PBXNativeTarget;
			buildConfigurationList = AE3C74BA2DB5932500412F0B /* Build configuration list for PBXNativeTarget "Culminating" */;
			buildPhases = (
				AE3C74A82DB5932300412F0B /* Sources */,
				AE3C74A92DB5932300412F0B /* Frameworks */,
				AE3C74AA2DB5932300412F0B /* Resources */,
			);
			buildRules = (
			);
			dependencies = (
			);
			name = Culminating;
			packageProductDependencies = (
			);
			productName = Culminating;
			productReference = AE3C74AC2DB5932300412F0B /* Culminating.app */;
			productType = "com.apple.product-type.application";
		};
/* End PBXNativeTarget section */

/* Begin PBXProject section */
		AE3C74A42DB5932300412F0B /* Project object */ = {
			isa = PBXProject;
			attributes = {
				BuildIndependentTargetsInParallel = 1;
				LastSwiftUpdateCheck = 1620;
				LastUpgradeCheck = 1620;
				TargetAttributes = {
					AE3C74AB2DB5932300412F0B = {
						CreatedOnToolsVersion = 16.2;
					};
				};
			};
			buildConfigurationList = AE3C74A72DB5932300412F0B /* Build configuration list for PBXProject "Culminating" */;
			developmentRegion = en;
			hasScannedForEncodings = 0;
			knownRegions = (
				en,
				Base,
			);
			mainGroup = AE3C74A32DB5932300412F0B;
			minimizedProjectReferenceProxies = 1;
			preferredProjectObjectVersion = 77;
			productRefGroup = AE3C74AD2DB5932300412F0B /* Products */;
			projectDirPath = "";
			projectRoot = "";
			targets = (
				AE3C74AB2DB5932300412F0B /* Culminating */,
			);
		};
/* End PBXProject section */

/* Begin PBXResourcesBuildPhase section */
		AE3C74AA2DB5932300412F0B /* Resources */ = {
			isa = PBXResourcesBuildPhase;
			buildActionMask = 2147483647;
			files = (
				AE8804A52DE0AC8B00C132D2 /* Preview Assets.xcassets in Resources */,
				AE8804A62DE0AC8B00C132D2 /* Assets.xcassets in Resources */,
			);
			runOnlyForDeploymentPostprocessing = 0;
		};
/* End PBXResourcesBuildPhase section */

/* Begin PBXSourcesBuildPhase section */
		AE3C74A82DB5932300412F0B /* Sources */ = {
			isa = PBXSourcesBuildPhase;
			buildActionMask = 2147483647;
			files = (
				AE8804972DE0AC8B00C132D2 /* FavouriteView.swift in Sources */,
				AE8804982DE0AC8B00C132D2 /* FolderView.swift in Sources */,
				AE8804992DE0AC8B00C132D2 /* GuideDetailView.swift in Sources */,
				AE88049A2DE0AC8B00C132D2 /* GuideListView.swift in Sources */,
				AE8804AA2DE0ACBD00C132D2 /* Attraction.swift in Sources */,
				AE88049B2DE0AC8B00C132D2 /* GuideView.swift in Sources */,
				AE88049C2DE0AC8B00C132D2 /* HistoryView.swift in Sources */,
				AE88049D2DE0AC8B00C132D2 /* HomeView.swift in Sources */,
				AE88049E2DE0AC8B00C132D2 /* LandingView.swift in Sources */,
				AE88049F2DE0AC8B00C132D2 /* NewFolderView.swift in Sources */,
				AE8804A02DE0AC8B00C132D2 /* NewGuideView.swift in Sources */,
				AE8804A82DE0ACB200C132D2 /* City.swift in Sources */,
				AE8804A22DE0AC8B00C132D2 /* PlusButtonView.swift in Sources */,
				AE8804A32DE0AC8B00C132D2 /* GuideViewModel.swift in Sources */,
				AE8804A42DE0AC8B00C132D2 /* CulminatingApp.swift in Sources */,
			);
			runOnlyForDeploymentPostprocessing = 0;
		};
/* End PBXSourcesBuildPhase section */

/* Begin XCBuildConfiguration section */
		AE3C74B82DB5932500412F0B /* Debug */ = {
			isa = XCBuildConfiguration;
			buildSettings = {
				ALWAYS_SEARCH_USER_PATHS = NO;
				ASSETCATALOG_COMPILER_GENERATE_SWIFT_ASSET_SYMBOL_EXTENSIONS = YES;
				CLANG_ANALYZER_NONNULL = YES;
				CLANG_ANALYZER_NUMBER_OBJECT_CONVERSION = YES_AGGRESSIVE;
				CLANG_CXX_LANGUAGE_STANDARD = "gnu++20";
				CLANG_ENABLE_MODULES = YES;
				CLANG_ENABLE_OBJC_ARC = YES;
				CLANG_ENABLE_OBJC_WEAK = YES;
				CLANG_WARN_BLOCK_CAPTURE_AUTORELEASING = YES;
				CLANG_WARN_BOOL_CONVERSION = YES;
				CLANG_WARN_COMMA = YES;
				CLANG_WARN_CONSTANT_CONVERSION = YES;
				CLANG_WARN_DEPRECATED_OBJC_IMPLEMENTATIONS = YES;
				CLANG_WARN_DIRECT_OBJC_ISA_USAGE = YES_ERROR;
				CLANG_WARN_DOCUMENTATION_COMMENTS = YES;
				CLANG_WARN_EMPTY_BODY = YES;
				CLANG_WARN_ENUM_CONVERSION = YES;
				CLANG_WARN_INFINITE_RECURSION = YES;
				CLANG_WARN_INT_CONVERSION = YES;
				CLANG_WARN_NON_LITERAL_NULL_CONVERSION = YES;
				CLANG_WARN_OBJC_IMPLICIT_RETAIN_SELF = YES;
				CLANG_WARN_OBJC_LITERAL_CONVERSION = YES;
				CLANG_WARN_OBJC_ROOT_CLASS = YES_ERROR;
				CLANG_WARN_QUOTED_INCLUDE_IN_FRAMEWORK_HEADER = YES;
				CLANG_WARN_RANGE_LOOP_ANALYSIS = YES;
				CLANG_WARN_STRICT_PROTOTYPES = YES;
				CLANG_WARN_SUSPICIOUS_MOVE = YES;
				CLANG_WARN_UNGUARDED_AVAILABILITY = YES_AGGRESSIVE;
				CLANG_WARN_UNREACHABLE_CODE = YES;
				CLANG_WARN__DUPLICATE_METHOD_MATCH = YES;
				COPY_PHASE_STRIP = NO;
				DEBUG_INFORMATION_FORMAT = dwarf;
				ENABLE_STRICT_OBJC_MSGSEND = YES;
				ENABLE_TESTABILITY = YES;
				ENABLE_USER_SCRIPT_SANDBOXING = YES;
				GCC_C_LANGUAGE_STANDARD = gnu17;
				GCC_DYNAMIC_NO_PIC = NO;
				GCC_NO_COMMON_BLOCKS = YES;
				GCC_OPTIMIZATION_LEVEL = 0;
				GCC_PREPROCESSOR_DEFINITIONS = (
					"DEBUG=1",
					"$(inherited)",
				);
				GCC_WARN_64_TO_32_BIT_CONVERSION = YES;
				GCC_WARN_ABOUT_RETURN_TYPE = YES_ERROR;
				GCC_WARN_UNDECLARED_SELECTOR = YES;
				GCC_WARN_UNINITIALIZED_AUTOS = YES_AGGRESSIVE;
				GCC_WARN_UNUSED_FUNCTION = YES;
				GCC_WARN_UNUSED_VARIABLE = YES;
				IPHONEOS_DEPLOYMENT_TARGET = 18.2;
				LOCALIZATION_PREFERS_STRING_CATALOGS = YES;
				MTL_ENABLE_DEBUG_INFO = INCLUDE_SOURCE;
				MTL_FAST_MATH = YES;
				ONLY_ACTIVE_ARCH = YES;
				SDKROOT = iphoneos;
				SWIFT_ACTIVE_COMPILATION_CONDITIONS = "DEBUG $(inherited)";
				SWIFT_OPTIMIZATION_LEVEL = "-Onone";
			};
			name = Debug;
		};
		AE3C74B92DB5932500412F0B /* Release */ = {
			isa = XCBuildConfiguration;
			buildSettings = {
				ALWAYS_SEARCH_USER_PATHS = NO;
				ASSETCATALOG_COMPILER_GENERATE_SWIFT_ASSET_SYMBOL_EXTENSIONS = YES;
				CLANG_ANALYZER_NONNULL = YES;
				CLANG_ANALYZER_NUMBER_OBJECT_CONVERSION = YES_AGGRESSIVE;
				CLANG_CXX_LANGUAGE_STANDARD = "gnu++20";
				CLANG_ENABLE_MODULES = YES;
				CLANG_ENABLE_OBJC_ARC = YES;
				CLANG_ENABLE_OBJC_WEAK = YES;
				CLANG_WARN_BLOCK_CAPTURE_AUTORELEASING = YES;
				CLANG_WARN_BOOL_CONVERSION = YES;
				CLANG_WARN_COMMA = YES;
				CLANG_WARN_CONSTANT_CONVERSION = YES;
				CLANG_WARN_DEPRECATED_OBJC_IMPLEMENTATIONS = YES;
				CLANG_WARN_DIRECT_OBJC_ISA_USAGE = YES_ERROR;
				CLANG_WARN_DOCUMENTATION_COMMENTS = YES;
				CLANG_WARN_EMPTY_BODY = YES;
				CLANG_WARN_ENUM_CONVERSION = YES;
				CLANG_WARN_INFINITE_RECURSION = YES;
				CLANG_WARN_INT_CONVERSION = YES;
				CLANG_WARN_NON_LITERAL_NULL_CONVERSION = YES;
				CLANG_WARN_OBJC_IMPLICIT_RETAIN_SELF = YES;
				CLANG_WARN_OBJC_LITERAL_CONVERSION = YES;
				CLANG_WARN_OBJC_ROOT_CLASS = YES_ERROR;
				CLANG_WARN_QUOTED_INCLUDE_IN_FRAMEWORK_HEADER = YES;
				CLANG_WARN_RANGE_LOOP_ANALYSIS = YES;
				CLANG_WARN_STRICT_PROTOTYPES = YES;
				CLANG_WARN_SUSPICIOUS_MOVE = YES;
				CLANG_WARN_UNGUARDED_AVAILABILITY = YES_AGGRESSIVE;
				CLANG_WARN_UNREACHABLE_CODE = YES;
				CLANG_WARN__DUPLICATE_METHOD_MATCH = YES;
				COPY_PHASE_STRIP = NO;
				DEBUG_INFORMATION_FORMAT = "dwarf-with-dsym";
				ENABLE_NS_ASSERTIONS = NO;
				ENABLE_STRICT_OBJC_MSGSEND = YES;
				ENABLE_USER_SCRIPT_SANDBOXING = YES;
				GCC_C_LANGUAGE_STANDARD = gnu17;
				GCC_NO_COMMON_BLOCKS = YES;
				GCC_WARN_64_TO_32_BIT_CONVERSION = YES;
				GCC_WARN_ABOUT_RETURN_TYPE = YES_ERROR;
				GCC_WARN_UNDECLARED_SELECTOR = YES;
				GCC_WARN_UNINITIALIZED_AUTOS = YES_AGGRESSIVE;
				GCC_WARN_UNUSED_FUNCTION = YES;
				GCC_WARN_UNUSED_VARIABLE = YES;
				IPHONEOS_DEPLOYMENT_TARGET = 18.2;
				LOCALIZATION_PREFERS_STRING_CATALOGS = YES;
				MTL_ENABLE_DEBUG_INFO = NO;
				MTL_FAST_MATH = YES;
				SDKROOT = iphoneos;
				SWIFT_COMPILATION_MODE = wholemodule;
				VALIDATE_PRODUCT = YES;
			};
			name = Release;
		};
		AE3C74BB2DB5932500412F0B /* Debug */ = {
			isa = XCBuildConfiguration;
			buildSettings = {
				ASSETCATALOG_COMPILER_APPICON_NAME = AppIcon;
				ASSETCATALOG_COMPILER_GLOBAL_ACCENT_COLOR_NAME = AccentColor;
				CODE_SIGN_STYLE = Automatic;
				CURRENT_PROJECT_VERSION = 1;
				DEVELOPMENT_ASSET_PATHS = "\"Culminating/Preview Content\"";
				DEVELOPMENT_TEAM = 4UG443984D;
				ENABLE_PREVIEWS = YES;
				GENERATE_INFOPLIST_FILE = YES;
				INFOPLIST_KEY_UIApplicationSceneManifest_Generation = YES;
				INFOPLIST_KEY_UIApplicationSupportsIndirectInputEvents = YES;
				INFOPLIST_KEY_UILaunchScreen_Generation = YES;
				INFOPLIST_KEY_UISupportedInterfaceOrientations_iPad = "UIInterfaceOrientationPortrait UIInterfaceOrientationPortraitUpsideDown UIInterfaceOrientationLandscapeLeft UIInterfaceOrientationLandscapeRight";
				INFOPLIST_KEY_UISupportedInterfaceOrientations_iPhone = "UIInterfaceOrientationPortrait UIInterfaceOrientationLandscapeLeft UIInterfaceOrientationLandscapeRight";
				LD_RUNPATH_SEARCH_PATHS = (
					"$(inherited)",
					"@executable_path/Frameworks",
				);
				MARKETING_VERSION = 1.0;
				PRODUCT_BUNDLE_IDENTIFIER = ca.marcusli.Culminating;
				PRODUCT_NAME = "$(TARGET_NAME)";
				SWIFT_EMIT_LOC_STRINGS = YES;
				SWIFT_VERSION = 5.0;
				TARGETED_DEVICE_FAMILY = "1,2";
			};
			name = Debug;
		};
		AE3C74BC2DB5932500412F0B /* Release */ = {
			isa = XCBuildConfiguration;
			buildSettings = {
				ASSETCATALOG_COMPILER_APPICON_NAME = AppIcon;
				ASSETCATALOG_COMPILER_GLOBAL_ACCENT_COLOR_NAME = AccentColor;
				CODE_SIGN_STYLE = Automatic;
				CURRENT_PROJECT_VERSION = 1;
				DEVELOPMENT_ASSET_PATHS = "\"Culminating/Preview Content\"";
				DEVELOPMENT_TEAM = 4UG443984D;
				ENABLE_PREVIEWS = YES;
				GENERATE_INFOPLIST_FILE = YES;
				INFOPLIST_KEY_UIApplicationSceneManifest_Generation = YES;
				INFOPLIST_KEY_UIApplicationSupportsIndirectInputEvents = YES;
				INFOPLIST_KEY_UILaunchScreen_Generation = YES;
				INFOPLIST_KEY_UISupportedInterfaceOrientations_iPad = "UIInterfaceOrientationPortrait UIInterfaceOrientationPortraitUpsideDown UIInterfaceOrientationLandscapeLeft UIInterfaceOrientationLandscapeRight";
				INFOPLIST_KEY_UISupportedInterfaceOrientations_iPhone = "UIInterfaceOrientationPortrait UIInterfaceOrientationLandscapeLeft UIInterfaceOrientationLandscapeRight";
				LD_RUNPATH_SEARCH_PATHS = (
					"$(inherited)",
					"@executable_path/Frameworks",
				);
				MARKETING_VERSION = 1.0;
				PRODUCT_BUNDLE_IDENTIFIER = ca.marcusli.Culminating;
				PRODUCT_NAME = "$(TARGET_NAME)";
				SWIFT_EMIT_LOC_STRINGS = YES;
				SWIFT_VERSION = 5.0;
				TARGETED_DEVICE_FAMILY = "1,2";
			};
			name = Release;
		};
/* End XCBuildConfiguration section */

/* Begin XCConfigurationList section */
		AE3C74A72DB5932300412F0B /* Build configuration list for PBXProject "Culminating" */ = {
			isa = XCConfigurationList;
			buildConfigurations = (
				AE3C74B82DB5932500412F0B /* Debug */,
				AE3C74B92DB5932500412F0B /* Release */,
			);
			defaultConfigurationIsVisible = 0;
			defaultConfigurationName = Release;
		};
		AE3C74BA2DB5932500412F0B /* Build configuration list for PBXNativeTarget "Culminating" */ = {
			isa = XCConfigurationList;
			buildConfigurations = (
				AE3C74BB2DB5932500412F0B /* Debug */,
				AE3C74BC2DB5932500412F0B /* Release */,
			);
			defaultConfigurationIsVisible = 0;
			defaultConfigurationName = Release;
		};
/* End XCConfigurationList section */
	};
	rootObject = AE3C74A42DB5932300412F0B /* Project object */;
}
